
Microsoft Visual Studio Solution File, Format Version 12.00
# Visual Studio 15
VisualStudioVersion = 15.0.26124.0
MinimumVisualStudioVersion = 15.0.26124.0
Project("{FAE04EC0-301F-11D3-BF4B-00C04F79EFBC}") = "Domain", "Domain\Domain.csproj", "{8D5B74C5-DD29-4392-B1BA-079F54AC6DFC}"
EndProject
Project("{FAE04EC0-301F-11D3-BF4B-00C04F79EFBC}") = "Application", "Application\Application.csproj", "{F02497F5-47CE-4206-A704-E63A5F5E3D46}"
EndProject
Project("{FAE04EC0-301F-11D3-BF4B-00C04F79EFBC}") = "Persistence", "Persistence\Persistence.csproj", "{DA25A101-4BB6-4A4E-B6B3-D84C94C4620D}"
EndProject
Project("{FAE04EC0-301F-11D3-BF4B-00C04F79EFBC}") = "API", "API\API.csproj", "{44350F34-89B4-4B17-9BBF-6130E1A2EABB}"
EndProject
Project("{FAE04EC0-301F-11D3-BF4B-00C04F79EFBC}") = "Infrastructure", "Infrastructure\Infrastructure.csproj", "{691ADB8F-2971-40D1-8ED0-E0609B3F405F}"
EndProject
Global
	GlobalSection(SolutionConfigurationPlatforms) = preSolution
		Debug|Any CPU = Debug|Any CPU
		Debug|x64 = Debug|x64
		Debug|x86 = Debug|x86
		Release|Any CPU = Release|Any CPU
		Release|x64 = Release|x64
		Release|x86 = Release|x86
	EndGlobalSection
	GlobalSection(SolutionProperties) = preSolution
		HideSolutionNode = FALSE
	EndGlobalSection
	GlobalSection(ProjectConfigurationPlatforms) = postSolution
		{8D5B74C5-DD29-4392-B1BA-079F54AC6DFC}.Debug|Any CPU.ActiveCfg = Debug|Any CPU
		{8D5B74C5-DD29-4392-B1BA-079F54AC6DFC}.Debug|Any CPU.Build.0 = Debug|Any CPU
		{8D5B74C5-DD29-4392-B1BA-079F54AC6DFC}.Debug|x64.ActiveCfg = Debug|Any CPU
		{8D5B74C5-DD29-4392-B1BA-079F54AC6DFC}.Debug|x64.Build.0 = Debug|Any CPU
		{8D5B74C5-DD29-4392-B1BA-079F54AC6DFC}.Debug|x86.ActiveCfg = Debug|Any CPU
		{8D5B74C5-DD29-4392-B1BA-079F54AC6DFC}.Debug|x86.Build.0 = Debug|Any CPU
		{8D5B74C5-DD29-4392-B1BA-079F54AC6DFC}.Release|Any CPU.ActiveCfg = Release|Any CPU
		{8D5B74C5-DD29-4392-B1BA-079F54AC6DFC}.Release|Any CPU.Build.0 = Release|Any CPU
		{8D5B74C5-DD29-4392-B1BA-079F54AC6DFC}.Release|x64.ActiveCfg = Release|Any CPU
		{8D5B74C5-DD29-4392-B1BA-079F54AC6DFC}.Release|x64.Build.0 = Release|Any CPU
		{8D5B74C5-DD29-4392-B1BA-079F54AC6DFC}.Release|x86.ActiveCfg = Release|Any CPU
		{8D5B74C5-DD29-4392-B1BA-079F54AC6DFC}.Release|x86.Build.0 = Release|Any CPU
		{F02497F5-47CE-4206-A704-E63A5F5E3D46}.Debug|Any CPU.ActiveCfg = Debug|Any CPU
		{F02497F5-47CE-4206-A704-E63A5F5E3D46}.Debug|Any CPU.Build.0 = Debug|Any CPU
		{F02497F5-47CE-4206-A704-E63A5F5E3D46}.Debug|x64.ActiveCfg = Debug|Any CPU
		{F02497F5-47CE-4206-A704-E63A5F5E3D46}.Debug|x64.Build.0 = Debug|Any CPU
		{F02497F5-47CE-4206-A704-E63A5F5E3D46}.Debug|x86.ActiveCfg = Debug|Any CPU
		{F02497F5-47CE-4206-A704-E63A5F5E3D46}.Debug|x86.Build.0 = Debug|Any CPU
		{F02497F5-47CE-4206-A704-E63A5F5E3D46}.Release|Any CPU.ActiveCfg = Release|Any CPU
		{F02497F5-47CE-4206-A704-E63A5F5E3D46}.Release|Any CPU.Build.0 = Release|Any CPU
		{F02497F5-47CE-4206-A704-E63A5F5E3D46}.Release|x64.ActiveCfg = Release|Any CPU
		{F02497F5-47CE-4206-A704-E63A5F5E3D46}.Release|x64.Build.0 = Release|Any CPU
		{F02497F5-47CE-4206-A704-E63A5F5E3D46}.Release|x86.ActiveCfg = Release|Any CPU
		{F02497F5-47CE-4206-A704-E63A5F5E3D46}.Release|x86.Build.0 = Release|Any CPU
		{DA25A101-4BB6-4A4E-B6B3-D84C94C4620D}.Debug|Any CPU.ActiveCfg = Debug|Any CPU
		{DA25A101-4BB6-4A4E-B6B3-D84C94C4620D}.Debug|Any CPU.Build.0 = Debug|Any CPU
		{DA25A101-4BB6-4A4E-B6B3-D84C94C4620D}.Debug|x64.ActiveCfg = Debug|Any CPU
		{DA25A101-4BB6-4A4E-B6B3-D84C94C4620D}.Debug|x64.Build.0 = Debug|Any CPU
		{DA25A101-4BB6-4A4E-B6B3-D84C94C4620D}.Debug|x86.ActiveCfg = Debug|Any CPU
		{DA25A101-4BB6-4A4E-B6B3-D84C94C4620D}.Debug|x86.Build.0 = Debug|Any CPU
		{DA25A101-4BB6-4A4E-B6B3-D84C94C4620D}.Release|Any CPU.ActiveCfg = Release|Any CPU
		{DA25A101-4BB6-4A4E-B6B3-D84C94C4620D}.Release|Any CPU.Build.0 = Release|Any CPU
		{DA25A101-4BB6-4A4E-B6B3-D84C94C4620D}.Release|x64.ActiveCfg = Release|Any CPU
		{DA25A101-4BB6-4A4E-B6B3-D84C94C4620D}.Release|x64.Build.0 = Release|Any CPU
		{DA25A101-4BB6-4A4E-B6B3-D84C94C4620D}.Release|x86.ActiveCfg = Release|Any CPU
		{DA25A101-4BB6-4A4E-B6B3-D84C94C4620D}.Release|x86.Build.0 = Release|Any CPU
		{44350F34-89B4-4B17-9BBF-6130E1A2EABB}.Debug|Any CPU.ActiveCfg = Debug|Any CPU
		{44350F34-89B4-4B17-9BBF-6130E1A2EABB}.Debug|Any CPU.Build.0 = Debug|Any CPU
		{44350F34-89B4-4B17-9BBF-6130E1A2EABB}.Debug|x64.ActiveCfg = Debug|Any CPU
		{44350F34-89B4-4B17-9BBF-6130E1A2EABB}.Debug|x64.Build.0 = Debug|Any CPU
		{44350F34-89B4-4B17-9BBF-6130E1A2EABB}.Debug|x86.ActiveCfg = Debug|Any CPU
		{44350F34-89B4-4B17-9BBF-6130E1A2EABB}.Debug|x86.Build.0 = Debug|Any CPU
		{44350F34-89B4-4B17-9BBF-6130E1A2EABB}.Release|Any CPU.ActiveCfg = Release|Any CPU
		{44350F34-89B4-4B17-9BBF-6130E1A2EABB}.Release|Any CPU.Build.0 = Release|Any CPU
		{44350F34-89B4-4B17-9BBF-6130E1A2EABB}.Release|x64.ActiveCfg = Release|Any CPU
		{44350F34-89B4-4B17-9BBF-6130E1A2EABB}.Release|x64.Build.0 = Release|Any CPU
		{44350F34-89B4-4B17-9BBF-6130E1A2EABB}.Release|x86.ActiveCfg = Release|Any CPU
		{44350F34-89B4-4B17-9BBF-6130E1A2EABB}.Release|x86.Build.0 = Release|Any CPU
		{691ADB8F-2971-40D1-8ED0-E0609B3F405F}.Debug|Any CPU.ActiveCfg = Debug|Any CPU
		{691ADB8F-2971-40D1-8ED0-E0609B3F405F}.Debug|Any CPU.Build.0 = Debug|Any CPU
		{691ADB8F-2971-40D1-8ED0-E0609B3F405F}.Debug|x64.ActiveCfg = Debug|Any CPU
		{691ADB8F-2971-40D1-8ED0-E0609B3F405F}.Debug|x64.Build.0 = Debug|Any CPU
		{691ADB8F-2971-40D1-8ED0-E0609B3F405F}.Debug|x86.ActiveCfg = Debug|Any CPU
		{691ADB8F-2971-40D1-8ED0-E0609B3F405F}.Debug|x86.Build.0 = Debug|Any CPU
		{691ADB8F-2971-40D1-8ED0-E0609B3F405F}.Release|Any CPU.ActiveCfg = Release|Any CPU
		{691ADB8F-2971-40D1-8ED0-E0609B3F405F}.Release|Any CPU.Build.0 = Release|Any CPU
		{691ADB8F-2971-40D1-8ED0-E0609B3F405F}.Release|x64.ActiveCfg = Release|Any CPU
		{691ADB8F-2971-40D1-8ED0-E0609B3F405F}.Release|x64.Build.0 = Release|Any CPU
		{691ADB8F-2971-40D1-8ED0-E0609B3F405F}.Release|x86.ActiveCfg = Release|Any CPU
		{691ADB8F-2971-40D1-8ED0-E0609B3F405F}.Release|x86.Build.0 = Release|Any CPU
	EndGlobalSection
EndGlobal
